
Microsoft Visual Studio Solution File, Format Version 12.00
# Visual Studio 15
VisualStudioVersion = 15.0.28010.2048
MinimumVisualStudioVersion = 10.0.40219.1
Project("{FAE04EC0-301F-11D3-BF4B-00C04F79EFBC}") = "NewYear", "NewYear\NewYear.csproj", "{D01F9156-4546-4FB8-973E-A1380E9074DB}"
EndProject
Global
	GlobalSection(SolutionConfigurationPlatforms) = preSolution
		Debug|Any CPU = Debug|Any CPU
		Release|Any CPU = Release|Any CPU
	EndGlobalSection
	GlobalSection(ProjectConfigurationPlatforms) = postSolution
		{D01F9156-4546-4FB8-973E-A1380E9074DB}.Debug|Any CPU.ActiveCfg = Debug|Any CPU
		{D01F9156-4546-4FB8-973E-A1380E9074DB}.Debug|Any CPU.Build.0 = Debug|Any CPU
		{D01F9156-4546-4FB8-973E-A1380E9074DB}.Release|Any CPU.ActiveCfg = Release|Any CPU
		{D01F9156-4546-4FB8-973E-A1380E9074DB}.Release|Any CPU.Build.0 = Release|Any CPU
	EndGlobalSection
	GlobalSection(SolutionProperties) = preSolution
		HideSolutionNode = FALSE
	EndGlobalSection
	GlobalSection(ExtensibilityGlobals) = postSolution
		SolutionGuid = {E94B3B8F-F688-4EB9-9DD1-2B5D39AFBD2C}
	EndGlobalSection
EndGlobal
